
Microsoft Visual Studio Solution File, Format Version 12.00
# Visual Studio Version 17
VisualStudioVersion = 17.7.34202.233
MinimumVisualStudioVersion = 10.0.40219.1
Project("{8BC9CEB8-8B4A-11D0-8D11-00A0C91BC942}") = "Game_programming_cpp", "Game_programming_cpp\Game_programming_cpp.vcxproj", "{304E141F-5D0B-440F-B4CB-02E1B912A833}"
EndProject
Project("{8BC9CEB8-8B4A-11D0-8D11-00A0C91BC942}") = "Game_programming_practice_v1", "..\Game_programming_practice_v1\Game_programming_practice_v1.vcxproj", "{66044F32-A2F2-43DD-8BD6-815EE6BA05C7}"
EndProject
Global
	GlobalSection(SolutionConfigurationPlatforms) = preSolution
		Debug|x64 = Debug|x64
		Debug|x86 = Debug|x86
		Release|x64 = Release|x64
		Release|x86 = Release|x86
	EndGlobalSection
	GlobalSection(ProjectConfigurationPlatforms) = postSolution
		{304E141F-5D0B-440F-B4CB-02E1B912A833}.Debug|x64.ActiveCfg = Debug|x64
		{304E141F-5D0B-440F-B4CB-02E1B912A833}.Debug|x64.Build.0 = Debug|x64
		{304E141F-5D0B-440F-B4CB-02E1B912A833}.Debug|x86.ActiveCfg = Debug|Win32
		{304E141F-5D0B-440F-B4CB-02E1B912A833}.Debug|x86.Build.0 = Debug|Win32
		{304E141F-5D0B-440F-B4CB-02E1B912A833}.Release|x64.ActiveCfg = Release|x64
		{304E141F-5D0B-440F-B4CB-02E1B912A833}.Release|x64.Build.0 = Release|x64
		{304E141F-5D0B-440F-B4CB-02E1B912A833}.Release|x86.ActiveCfg = Release|Win32
		{304E141F-5D0B-440F-B4CB-02E1B912A833}.Release|x86.Build.0 = Release|Win32
		{66044F32-A2F2-43DD-8BD6-815EE6BA05C7}.Debug|x64.ActiveCfg = Debug|x64
		{66044F32-A2F2-43DD-8BD6-815EE6BA05C7}.Debug|x64.Build.0 = Debug|x64
		{66044F32-A2F2-43DD-8BD6-815EE6BA05C7}.Debug|x86.ActiveCfg = Debug|Win32
		{66044F32-A2F2-43DD-8BD6-815EE6BA05C7}.Debug|x86.Build.0 = Debug|Win32
		{66044F32-A2F2-43DD-8BD6-815EE6BA05C7}.Release|x64.ActiveCfg = Release|x64
		{66044F32-A2F2-43DD-8BD6-815EE6BA05C7}.Release|x64.Build.0 = Release|x64
		{66044F32-A2F2-43DD-8BD6-815EE6BA05C7}.Release|x86.ActiveCfg = Release|Win32
		{66044F32-A2F2-43DD-8BD6-815EE6BA05C7}.Release|x86.Build.0 = Release|Win32
	EndGlobalSection
	GlobalSection(SolutionProperties) = preSolution
		HideSolutionNode = FALSE
	EndGlobalSection
	GlobalSection(ExtensibilityGlobals) = postSolution
		SolutionGuid = {791F6FCC-FC90-419F-A9A4-08E57F5292E0}
	EndGlobalSection
EndGlobal
